
Microsoft Visual Studio Solution File, Format Version 12.00
# Visual Studio 15
VisualStudioVersion = 15.0.27703.2018
MinimumVisualStudioVersion = 10.0.40219.1
Project("{FAE04EC0-301F-11D3-BF4B-00C04F79EFBC}") = "TaxiApp.Android", "TaxiApp\TaxiApp.Android\TaxiApp.Android.csproj", "{5A6A9DDB-49B8-4F00-AB7B-FEB259FEB27E}"
EndProject
Project("{FAE04EC0-301F-11D3-BF4B-00C04F79EFBC}") = "TaxiApp.iOS", "TaxiApp\TaxiApp.iOS\TaxiApp.iOS.csproj", "{7CF15FC2-88AE-4FE5-8315-9154AB504F3D}"
EndProject
Project("{FAE04EC0-301F-11D3-BF4B-00C04F79EFBC}") = "TaxiApp.UWP", "TaxiApp\TaxiApp.UWP\TaxiApp.UWP.csproj", "{A9F33400-B0B4-49D6-ADCA-FDEB4EE868FC}"
EndProject
Project("{FAE04EC0-301F-11D3-BF4B-00C04F79EFBC}") = "TaxiApp", "TaxiApp\TaxiApp\TaxiApp.csproj", "{3942415A-3D1F-4A99-A119-692731338232}"
EndProject
Global
	GlobalSection(SolutionConfigurationPlatforms) = preSolution
		Ad-Hoc|Any CPU = Ad-Hoc|Any CPU
		Ad-Hoc|ARM = Ad-Hoc|ARM
		Ad-Hoc|iPhone = Ad-Hoc|iPhone
		Ad-Hoc|iPhoneSimulator = Ad-Hoc|iPhoneSimulator
		Ad-Hoc|x64 = Ad-Hoc|x64
		Ad-Hoc|x86 = Ad-Hoc|x86
		AppStore|Any CPU = AppStore|Any CPU
		AppStore|ARM = AppStore|ARM
		AppStore|iPhone = AppStore|iPhone
		AppStore|iPhoneSimulator = AppStore|iPhoneSimulator
		AppStore|x64 = AppStore|x64
		AppStore|x86 = AppStore|x86
		Debug|Any CPU = Debug|Any CPU
		Debug|ARM = Debug|ARM
		Debug|iPhone = Debug|iPhone
		Debug|iPhoneSimulator = Debug|iPhoneSimulator
		Debug|x64 = Debug|x64
		Debug|x86 = Debug|x86
		Release|Any CPU = Release|Any CPU
		Release|ARM = Release|ARM
		Release|iPhone = Release|iPhone
		Release|iPhoneSimulator = Release|iPhoneSimulator
		Release|x64 = Release|x64
		Release|x86 = Release|x86
	EndGlobalSection
	GlobalSection(ProjectConfigurationPlatforms) = postSolution
		{5A6A9DDB-49B8-4F00-AB7B-FEB259FEB27E}.Ad-Hoc|Any CPU.ActiveCfg = Release|Any CPU
		{5A6A9DDB-49B8-4F00-AB7B-FEB259FEB27E}.Ad-Hoc|Any CPU.Build.0 = Release|Any CPU
		{5A6A9DDB-49B8-4F00-AB7B-FEB259FEB27E}.Ad-Hoc|Any CPU.Deploy.0 = Release|Any CPU
		{5A6A9DDB-49B8-4F00-AB7B-FEB259FEB27E}.Ad-Hoc|ARM.ActiveCfg = Release|Any CPU
		{5A6A9DDB-49B8-4F00-AB7B-FEB259FEB27E}.Ad-Hoc|ARM.Build.0 = Release|Any CPU
		{5A6A9DDB-49B8-4F00-AB7B-FEB259FEB27E}.Ad-Hoc|ARM.Deploy.0 = Release|Any CPU
		{5A6A9DDB-49B8-4F00-AB7B-FEB259FEB27E}.Ad-Hoc|iPhone.ActiveCfg = Release|Any CPU
		{5A6A9DDB-49B8-4F00-AB7B-FEB259FEB27E}.Ad-Hoc|iPhone.Build.0 = Release|Any CPU
		{5A6A9DDB-49B8-4F00-AB7B-FEB259FEB27E}.Ad-Hoc|iPhone.Deploy.0 = Release|Any CPU
		{5A6A9DDB-49B8-4F00-AB7B-FEB259FEB27E}.Ad-Hoc|iPhoneSimulator.ActiveCfg = Release|Any CPU
		{5A6A9DDB-49B8-4F00-AB7B-FEB259FEB27E}.Ad-Hoc|iPhoneSimulator.Build.0 = Release|Any CPU
		{5A6A9DDB-49B8-4F00-AB7B-FEB259FEB27E}.Ad-Hoc|iPhoneSimulator.Deploy.0 = Release|Any CPU
		{5A6A9DDB-49B8-4F00-AB7B-FEB259FEB27E}.Ad-Hoc|x64.ActiveCfg = Release|Any CPU
		{5A6A9DDB-49B8-4F00-AB7B-FEB259FEB27E}.Ad-Hoc|x64.Build.0 = Release|Any CPU
		{5A6A9DDB-49B8-4F00-AB7B-FEB259FEB27E}.Ad-Hoc|x64.Deploy.0 = Release|Any CPU
		{5A6A9DDB-49B8-4F00-AB7B-FEB259FEB27E}.Ad-Hoc|x86.ActiveCfg = Release|Any CPU
		{5A6A9DDB-49B8-4F00-AB7B-FEB259FEB27E}.Ad-Hoc|x86.Build.0 = Release|Any CPU
		{5A6A9DDB-49B8-4F00-AB7B-FEB259FEB27E}.Ad-Hoc|x86.Deploy.0 = Release|Any CPU
		{5A6A9DDB-49B8-4F00-AB7B-FEB259FEB27E}.AppStore|Any CPU.ActiveCfg = Release|Any CPU
		{5A6A9DDB-49B8-4F00-AB7B-FEB259FEB27E}.AppStore|Any CPU.Build.0 = Release|Any CPU
		{5A6A9DDB-49B8-4F00-AB7B-FEB259FEB27E}.AppStore|Any CPU.Deploy.0 = Release|Any CPU
		{5A6A9DDB-49B8-4F00-AB7B-FEB259FEB27E}.AppStore|ARM.ActiveCfg = Release|Any CPU
		{5A6A9DDB-49B8-4F00-AB7B-FEB259FEB27E}.AppStore|ARM.Build.0 = Release|Any CPU
		{5A6A9DDB-49B8-4F00-AB7B-FEB259FEB27E}.AppStore|ARM.Deploy.0 = Release|Any CPU
		{5A6A9DDB-49B8-4F00-AB7B-FEB259FEB27E}.AppStore|iPhone.ActiveCfg = Release|Any CPU
		{5A6A9DDB-49B8-4F00-AB7B-FEB259FEB27E}.AppStore|iPhone.Build.0 = Release|Any CPU
		{5A6A9DDB-49B8-4F00-AB7B-FEB259FEB27E}.AppStore|iPhone.Deploy.0 = Release|Any CPU
		{5A6A9DDB-49B8-4F00-AB7B-FEB259FEB27E}.AppStore|iPhoneSimulator.ActiveCfg = Release|Any CPU
		{5A6A9DDB-49B8-4F00-AB7B-FEB259FEB27E}.AppStore|iPhoneSimulator.Build.0 = Release|Any CPU
		{5A6A9DDB-49B8-4F00-AB7B-FEB259FEB27E}.AppStore|iPhoneSimulator.Deploy.0 = Release|Any CPU
		{5A6A9DDB-49B8-4F00-AB7B-FEB259FEB27E}.AppStore|x64.ActiveCfg = Release|Any CPU
		{5A6A9DDB-49B8-4F00-AB7B-FEB259FEB27E}.AppStore|x64.Build.0 = Release|Any CPU
		{5A6A9DDB-49B8-4F00-AB7B-FEB259FEB27E}.AppStore|x64.Deploy.0 = Release|Any CPU
		{5A6A9DDB-49B8-4F00-AB7B-FEB259FEB27E}.AppStore|x86.ActiveCfg = Release|Any CPU
		{5A6A9DDB-49B8-4F00-AB7B-FEB259FEB27E}.AppStore|x86.Build.0 = Release|Any CPU
		{5A6A9DDB-49B8-4F00-AB7B-FEB259FEB27E}.AppStore|x86.Deploy.0 = Release|Any CPU
		{5A6A9DDB-49B8-4F00-AB7B-FEB259FEB27E}.Debug|Any CPU.ActiveCfg = Debug|Any CPU
		{5A6A9DDB-49B8-4F00-AB7B-FEB259FEB27E}.Debug|Any CPU.Build.0 = Debug|Any CPU
		{5A6A9DDB-49B8-4F00-AB7B-FEB259FEB27E}.Debug|Any CPU.Deploy.0 = Debug|Any CPU
		{5A6A9DDB-49B8-4F00-AB7B-FEB259FEB27E}.Debug|ARM.ActiveCfg = Debug|Any CPU
		{5A6A9DDB-49B8-4F00-AB7B-FEB259FEB27E}.Debug|ARM.Build.0 = Debug|Any CPU
		{5A6A9DDB-49B8-4F00-AB7B-FEB259FEB27E}.Debug|ARM.Deploy.0 = Debug|Any CPU
		{5A6A9DDB-49B8-4F00-AB7B-FEB259FEB27E}.Debug|iPhone.ActiveCfg = Debug|Any CPU
		{5A6A9DDB-49B8-4F00-AB7B-FEB259FEB27E}.Debug|iPhone.Build.0 = Debug|Any CPU
		{5A6A9DDB-49B8-4F00-AB7B-FEB259FEB27E}.Debug|iPhone.Deploy.0 = Debug|Any CPU
		{5A6A9DDB-49B8-4F00-AB7B-FEB259FEB27E}.Debug|iPhoneSimulator.ActiveCfg = Debug|Any CPU
		{5A6A9DDB-49B8-4F00-AB7B-FEB259FEB27E}.Debug|iPhoneSimulator.Build.0 = Debug|Any CPU
		{5A6A9DDB-49B8-4F00-AB7B-FEB259FEB27E}.Debug|iPhoneSimulator.Deploy.0 = Debug|Any CPU
		{5A6A9DDB-49B8-4F00-AB7B-FEB259FEB27E}.Debug|x64.ActiveCfg = Debug|Any CPU
		{5A6A9DDB-49B8-4F00-AB7B-FEB259FEB27E}.Debug|x64.Build.0 = Debug|Any CPU
		{5A6A9DDB-49B8-4F00-AB7B-FEB259FEB27E}.Debug|x64.Deploy.0 = Debug|Any CPU
		{5A6A9DDB-49B8-4F00-AB7B-FEB259FEB27E}.Debug|x86.ActiveCfg = Debug|Any CPU
		{5A6A9DDB-49B8-4F00-AB7B-FEB259FEB27E}.Debug|x86.Build.0 = Debug|Any CPU
		{5A6A9DDB-49B8-4F00-AB7B-FEB259FEB27E}.Debug|x86.Deploy.0 = Debug|Any CPU
		{5A6A9DDB-49B8-4F00-AB7B-FEB259FEB27E}.Release|Any CPU.ActiveCfg = Release|Any CPU
		{5A6A9DDB-49B8-4F00-AB7B-FEB259FEB27E}.Release|Any CPU.Build.0 = Release|Any CPU
		{5A6A9DDB-49B8-4F00-AB7B-FEB259FEB27E}.Release|Any CPU.Deploy.0 = Release|Any CPU
		{5A6A9DDB-49B8-4F00-AB7B-FEB259FEB27E}.Release|ARM.ActiveCfg = Release|Any CPU
		{5A6A9DDB-49B8-4F00-AB7B-FEB259FEB27E}.Release|ARM.Build.0 = Release|Any CPU
		{5A6A9DDB-49B8-4F00-AB7B-FEB259FEB27E}.Release|ARM.Deploy.0 = Release|Any CPU
		{5A6A9DDB-49B8-4F00-AB7B-FEB259FEB27E}.Release|iPhone.ActiveCfg = Release|Any CPU
		{5A6A9DDB-49B8-4F00-AB7B-FEB259FEB27E}.Release|iPhone.Build.0 = Release|Any CPU
		{5A6A9DDB-49B8-4F00-AB7B-FEB259FEB27E}.Release|iPhone.Deploy.0 = Release|Any CPU
		{5A6A9DDB-49B8-4F00-AB7B-FEB259FEB27E}.Release|iPhoneSimulator.ActiveCfg = Release|Any CPU
		{5A6A9DDB-49B8-4F00-AB7B-FEB259FEB27E}.Release|iPhoneSimulator.Build.0 = Release|Any CPU
		{5A6A9DDB-49B8-4F00-AB7B-FEB259FEB27E}.Release|iPhoneSimulator.Deploy.0 = Release|Any CPU
		{5A6A9DDB-49B8-4F00-AB7B-FEB259FEB27E}.Release|x64.ActiveCfg = Release|Any CPU
		{5A6A9DDB-49B8-4F00-AB7B-FEB259FEB27E}.Release|x64.Build.0 = Release|Any CPU
		{5A6A9DDB-49B8-4F00-AB7B-FEB259FEB27E}.Release|x64.Deploy.0 = Release|Any CPU
		{5A6A9DDB-49B8-4F00-AB7B-FEB259FEB27E}.Release|x86.ActiveCfg = Release|Any CPU
		{5A6A9DDB-49B8-4F00-AB7B-FEB259FEB27E}.Release|x86.Build.0 = Release|Any CPU
		{5A6A9DDB-49B8-4F00-AB7B-FEB259FEB27E}.Release|x86.Deploy.0 = Release|Any CPU
		{7CF15FC2-88AE-4FE5-8315-9154AB504F3D}.Ad-Hoc|Any CPU.ActiveCfg = Ad-Hoc|iPhone
		{7CF15FC2-88AE-4FE5-8315-9154AB504F3D}.Ad-Hoc|Any CPU.Build.0 = Ad-Hoc|iPhone
		{7CF15FC2-88AE-4FE5-8315-9154AB504F3D}.Ad-Hoc|Any CPU.Deploy.0 = Ad-Hoc|iPhone
		{7CF15FC2-88AE-4FE5-8315-9154AB504F3D}.Ad-Hoc|ARM.ActiveCfg = Ad-Hoc|iPhone
		{7CF15FC2-88AE-4FE5-8315-9154AB504F3D}.Ad-Hoc|ARM.Build.0 = Ad-Hoc|iPhone
		{7CF15FC2-88AE-4FE5-8315-9154AB504F3D}.Ad-Hoc|ARM.Deploy.0 = Ad-Hoc|iPhone
		{7CF15FC2-88AE-4FE5-8315-9154AB504F3D}.Ad-Hoc|iPhone.ActiveCfg = Ad-Hoc|iPhone
		{7CF15FC2-88AE-4FE5-8315-9154AB504F3D}.Ad-Hoc|iPhone.Build.0 = Ad-Hoc|iPhone
		{7CF15FC2-88AE-4FE5-8315-9154AB504F3D}.Ad-Hoc|iPhone.Deploy.0 = Ad-Hoc|iPhone
		{7CF15FC2-88AE-4FE5-8315-9154AB504F3D}.Ad-Hoc|iPhoneSimulator.ActiveCfg = Ad-Hoc|iPhoneSimulator
		{7CF15FC2-88AE-4FE5-8315-9154AB504F3D}.Ad-Hoc|iPhoneSimulator.Build.0 = Ad-Hoc|iPhoneSimulator
		{7CF15FC2-88AE-4FE5-8315-9154AB504F3D}.Ad-Hoc|iPhoneSimulator.Deploy.0 = Ad-Hoc|iPhoneSimulator
		{7CF15FC2-88AE-4FE5-8315-9154AB504F3D}.Ad-Hoc|x64.ActiveCfg = Ad-Hoc|iPhone
		{7CF15FC2-88AE-4FE5-8315-9154AB504F3D}.Ad-Hoc|x64.Build.0 = Ad-Hoc|iPhone
		{7CF15FC2-88AE-4FE5-8315-9154AB504F3D}.Ad-Hoc|x64.Deploy.0 = Ad-Hoc|iPhone
		{7CF15FC2-88AE-4FE5-8315-9154AB504F3D}.Ad-Hoc|x86.ActiveCfg = Ad-Hoc|iPhone
		{7CF15FC2-88AE-4FE5-8315-9154AB504F3D}.Ad-Hoc|x86.Build.0 = Ad-Hoc|iPhone
		{7CF15FC2-88AE-4FE5-8315-9154AB504F3D}.Ad-Hoc|x86.Deploy.0 = Ad-Hoc|iPhone
		{7CF15FC2-88AE-4FE5-8315-9154AB504F3D}.AppStore|Any CPU.ActiveCfg = AppStore|iPhone
		{7CF15FC2-88AE-4FE5-8315-9154AB504F3D}.AppStore|Any CPU.Build.0 = AppStore|iPhone
		{7CF15FC2-88AE-4FE5-8315-9154AB504F3D}.AppStore|Any CPU.Deploy.0 = AppStore|iPhone
		{7CF15FC2-88AE-4FE5-8315-9154AB504F3D}.AppStore|ARM.ActiveCfg = AppStore|iPhone
		{7CF15FC2-88AE-4FE5-8315-9154AB504F3D}.AppStore|ARM.Build.0 = AppStore|iPhone
		{7CF15FC2-88AE-4FE5-8315-9154AB504F3D}.AppStore|ARM.Deploy.0 = AppStore|iPhone
		{7CF15FC2-88AE-4FE5-8315-9154AB504F3D}.AppStore|iPhone.ActiveCfg = AppStore|iPhone
		{7CF15FC2-88AE-4FE5-8315-9154AB504F3D}.AppStore|iPhone.Build.0 = AppStore|iPhone
		{7CF15FC2-88AE-4FE5-8315-9154AB504F3D}.AppStore|iPhone.Deploy.0 = AppStore|iPhone
		{7CF15FC2-88AE-4FE5-8315-9154AB504F3D}.AppStore|iPhoneSimulator.ActiveCfg = AppStore|iPhoneSimulator
		{7CF15FC2-88AE-4FE5-8315-9154AB504F3D}.AppStore|iPhoneSimulator.Build.0 = AppStore|iPhoneSimulator
		{7CF15FC2-88AE-4FE5-8315-9154AB504F3D}.AppStore|iPhoneSimulator.Deploy.0 = AppStore|iPhoneSimulator
		{7CF15FC2-88AE-4FE5-8315-9154AB504F3D}.AppStore|x64.ActiveCfg = AppStore|iPhone
		{7CF15FC2-88AE-4FE5-8315-9154AB504F3D}.AppStore|x64.Build.0 = AppStore|iPhone
		{7CF15FC2-88AE-4FE5-8315-9154AB504F3D}.AppStore|x64.Deploy.0 = AppStore|iPhone
		{7CF15FC2-88AE-4FE5-8315-9154AB504F3D}.AppStore|x86.ActiveCfg = AppStore|iPhone
		{7CF15FC2-88AE-4FE5-8315-9154AB504F3D}.AppStore|x86.Build.0 = AppStore|iPhone
		{7CF15FC2-88AE-4FE5-8315-9154AB504F3D}.AppStore|x86.Deploy.0 = AppStore|iPhone
		{7CF15FC2-88AE-4FE5-8315-9154AB504F3D}.Debug|Any CPU.ActiveCfg = Debug|iPhoneSimulator
		{7CF15FC2-88AE-4FE5-8315-9154AB504F3D}.Debug|Any CPU.Build.0 = Debug|iPhoneSimulator
		{7CF15FC2-88AE-4FE5-8315-9154AB504F3D}.Debug|Any CPU.Deploy.0 = Debug|iPhoneSimulator
		{7CF15FC2-88AE-4FE5-8315-9154AB504F3D}.Debug|ARM.ActiveCfg = Debug|iPhone
		{7CF15FC2-88AE-4FE5-8315-9154AB504F3D}.Debug|ARM.Build.0 = Debug|iPhone
		{7CF15FC2-88AE-4FE5-8315-9154AB504F3D}.Debug|ARM.Deploy.0 = Debug|iPhone
		{7CF15FC2-88AE-4FE5-8315-9154AB504F3D}.Debug|iPhone.ActiveCfg = Debug|iPhone
		{7CF15FC2-88AE-4FE5-8315-9154AB504F3D}.Debug|iPhone.Build.0 = Debug|iPhone
		{7CF15FC2-88AE-4FE5-8315-9154AB504F3D}.Debug|iPhone.Deploy.0 = Debug|iPhone
		{7CF15FC2-88AE-4FE5-8315-9154AB504F3D}.Debug|iPhoneSimulator.ActiveCfg = Debug|iPhoneSimulator
		{7CF15FC2-88AE-4FE5-8315-9154AB504F3D}.Debug|iPhoneSimulator.Build.0 = Debug|iPhoneSimulator
		{7CF15FC2-88AE-4FE5-8315-9154AB504F3D}.Debug|iPhoneSimulator.Deploy.0 = Debug|iPhoneSimulator
		{7CF15FC2-88AE-4FE5-8315-9154AB504F3D}.Debug|x64.ActiveCfg = Debug|iPhone
		{7CF15FC2-88AE-4FE5-8315-9154AB504F3D}.Debug|x64.Build.0 = Debug|iPhone
		{7CF15FC2-88AE-4FE5-8315-9154AB504F3D}.Debug|x64.Deploy.0 = Debug|iPhone
		{7CF15FC2-88AE-4FE5-8315-9154AB504F3D}.Debug|x86.ActiveCfg = Debug|iPhone
		{7CF15FC2-88AE-4FE5-8315-9154AB504F3D}.Debug|x86.Build.0 = Debug|iPhone
		{7CF15FC2-88AE-4FE5-8315-9154AB504F3D}.Debug|x86.Deploy.0 = Debug|iPhone
		{7CF15FC2-88AE-4FE5-8315-9154AB504F3D}.Release|Any CPU.ActiveCfg = Release|iPhone
		{7CF15FC2-88AE-4FE5-8315-9154AB504F3D}.Release|Any CPU.Build.0 = Release|iPhone
		{7CF15FC2-88AE-4FE5-8315-9154AB504F3D}.Release|Any CPU.Deploy.0 = Release|iPhone
		{7CF15FC2-88AE-4FE5-8315-9154AB504F3D}.Release|ARM.ActiveCfg = Release|iPhone
		{7CF15FC2-88AE-4FE5-8315-9154AB504F3D}.Release|ARM.Build.0 = Release|iPhone
		{7CF15FC2-88AE-4FE5-8315-9154AB504F3D}.Release|ARM.Deploy.0 = Release|iPhone
		{7CF15FC2-88AE-4FE5-8315-9154AB504F3D}.Release|iPhone.ActiveCfg = Release|iPhone
		{7CF15FC2-88AE-4FE5-8315-9154AB504F3D}.Release|iPhone.Build.0 = Release|iPhone
		{7CF15FC2-88AE-4FE5-8315-9154AB504F3D}.Release|iPhone.Deploy.0 = Release|iPhone
		{7CF15FC2-88AE-4FE5-8315-9154AB504F3D}.Release|iPhoneSimulator.ActiveCfg = Release|iPhoneSimulator
		{7CF15FC2-88AE-4FE5-8315-9154AB504F3D}.Release|iPhoneSimulator.Build.0 = Release|iPhoneSimulator
		{7CF15FC2-88AE-4FE5-8315-9154AB504F3D}.Release|iPhoneSimulator.Deploy.0 = Release|iPhoneSimulator
		{7CF15FC2-88AE-4FE5-8315-9154AB504F3D}.Release|x64.ActiveCfg = Release|iPhone
		{7CF15FC2-88AE-4FE5-8315-9154AB504F3D}.Release|x64.Build.0 = Release|iPhone
		{7CF15FC2-88AE-4FE5-8315-9154AB504F3D}.Release|x64.Deploy.0 = Release|iPhone
		{7CF15FC2-88AE-4FE5-8315-9154AB504F3D}.Release|x86.ActiveCfg = Release|iPhone
		{7CF15FC2-88AE-4FE5-8315-9154AB504F3D}.Release|x86.Build.0 = Release|iPhone
		{7CF15FC2-88AE-4FE5-8315-9154AB504F3D}.Release|x86.Deploy.0 = Release|iPhone
		{A9F33400-B0B4-49D6-ADCA-FDEB4EE868FC}.Ad-Hoc|Any CPU.ActiveCfg = Release|x86
		{A9F33400-B0B4-49D6-ADCA-FDEB4EE868FC}.Ad-Hoc|Any CPU.Build.0 = Release|x86
		{A9F33400-B0B4-49D6-ADCA-FDEB4EE868FC}.Ad-Hoc|Any CPU.Deploy.0 = Release|x86
		{A9F33400-B0B4-49D6-ADCA-FDEB4EE868FC}.Ad-Hoc|ARM.ActiveCfg = Release|ARM
		{A9F33400-B0B4-49D6-ADCA-FDEB4EE868FC}.Ad-Hoc|ARM.Build.0 = Release|ARM
		{A9F33400-B0B4-49D6-ADCA-FDEB4EE868FC}.Ad-Hoc|ARM.Deploy.0 = Release|ARM
		{A9F33400-B0B4-49D6-ADCA-FDEB4EE868FC}.Ad-Hoc|iPhone.ActiveCfg = Release|x86
		{A9F33400-B0B4-49D6-ADCA-FDEB4EE868FC}.Ad-Hoc|iPhone.Build.0 = Release|x86
		{A9F33400-B0B4-49D6-ADCA-FDEB4EE868FC}.Ad-Hoc|iPhone.Deploy.0 = Release|x86
		{A9F33400-B0B4-49D6-ADCA-FDEB4EE868FC}.Ad-Hoc|iPhoneSimulator.ActiveCfg = Release|x86
		{A9F33400-B0B4-49D6-ADCA-FDEB4EE868FC}.Ad-Hoc|iPhoneSimulator.Build.0 = Release|x86
		{A9F33400-B0B4-49D6-ADCA-FDEB4EE868FC}.Ad-Hoc|iPhoneSimulator.Deploy.0 = Release|x86
		{A9F33400-B0B4-49D6-ADCA-FDEB4EE868FC}.Ad-Hoc|x64.ActiveCfg = Release|x64
		{A9F33400-B0B4-49D6-ADCA-FDEB4EE868FC}.Ad-Hoc|x64.Build.0 = Release|x64
		{A9F33400-B0B4-49D6-ADCA-FDEB4EE868FC}.Ad-Hoc|x64.Deploy.0 = Release|x64
		{A9F33400-B0B4-49D6-ADCA-FDEB4EE868FC}.Ad-Hoc|x86.ActiveCfg = Release|x86
		{A9F33400-B0B4-49D6-ADCA-FDEB4EE868FC}.Ad-Hoc|x86.Build.0 = Release|x86
		{A9F33400-B0B4-49D6-ADCA-FDEB4EE868FC}.Ad-Hoc|x86.Deploy.0 = Release|x86
		{A9F33400-B0B4-49D6-ADCA-FDEB4EE868FC}.AppStore|Any CPU.ActiveCfg = Release|x86
		{A9F33400-B0B4-49D6-ADCA-FDEB4EE868FC}.AppStore|Any CPU.Build.0 = Release|x86
		{A9F33400-B0B4-49D6-ADCA-FDEB4EE868FC}.AppStore|Any CPU.Deploy.0 = Release|x86
		{A9F33400-B0B4-49D6-ADCA-FDEB4EE868FC}.AppStore|ARM.ActiveCfg = Release|ARM
		{A9F33400-B0B4-49D6-ADCA-FDEB4EE868FC}.AppStore|ARM.Build.0 = Release|ARM
		{A9F33400-B0B4-49D6-ADCA-FDEB4EE868FC}.AppStore|ARM.Deploy.0 = Release|ARM
		{A9F33400-B0B4-49D6-ADCA-FDEB4EE868FC}.AppStore|iPhone.ActiveCfg = Release|x86
		{A9F33400-B0B4-49D6-ADCA-FDEB4EE868FC}.AppStore|iPhone.Build.0 = Release|x86
		{A9F33400-B0B4-49D6-ADCA-FDEB4EE868FC}.AppStore|iPhone.Deploy.0 = Release|x86
		{A9F33400-B0B4-49D6-ADCA-FDEB4EE868FC}.AppStore|iPhoneSimulator.ActiveCfg = Release|x86
		{A9F33400-B0B4-49D6-ADCA-FDEB4EE868FC}.AppStore|iPhoneSimulator.Build.0 = Release|x86
		{A9F33400-B0B4-49D6-ADCA-FDEB4EE868FC}.AppStore|iPhoneSimulator.Deploy.0 = Release|x86
		{A9F33400-B0B4-49D6-ADCA-FDEB4EE868FC}.AppStore|x64.ActiveCfg = Release|x64
		{A9F33400-B0B4-49D6-ADCA-FDEB4EE868FC}.AppStore|x64.Build.0 = Release|x64
		{A9F33400-B0B4-49D6-ADCA-FDEB4EE868FC}.AppStore|x64.Deploy.0 = Release|x64
		{A9F33400-B0B4-49D6-ADCA-FDEB4EE868FC}.AppStore|x86.ActiveCfg = Release|x86
		{A9F33400-B0B4-49D6-ADCA-FDEB4EE868FC}.AppStore|x86.Build.0 = Release|x86
		{A9F33400-B0B4-49D6-ADCA-FDEB4EE868FC}.AppStore|x86.Deploy.0 = Release|x86
		{A9F33400-B0B4-49D6-ADCA-FDEB4EE868FC}.Debug|Any CPU.ActiveCfg = Debug|x86
		{A9F33400-B0B4-49D6-ADCA-FDEB4EE868FC}.Debug|Any CPU.Build.0 = Debug|x86
		{A9F33400-B0B4-49D6-ADCA-FDEB4EE868FC}.Debug|Any CPU.Deploy.0 = Debug|x86
		{A9F33400-B0B4-49D6-ADCA-FDEB4EE868FC}.Debug|ARM.ActiveCfg = Debug|ARM
		{A9F33400-B0B4-49D6-ADCA-FDEB4EE868FC}.Debug|ARM.Build.0 = Debug|ARM
		{A9F33400-B0B4-49D6-ADCA-FDEB4EE868FC}.Debug|ARM.Deploy.0 = Debug|ARM
		{A9F33400-B0B4-49D6-ADCA-FDEB4EE868FC}.Debug|iPhone.ActiveCfg = Debug|x86
		{A9F33400-B0B4-49D6-ADCA-FDEB4EE868FC}.Debug|iPhone.Build.0 = Debug|x86
		{A9F33400-B0B4-49D6-ADCA-FDEB4EE868FC}.Debug|iPhone.Deploy.0 = Debug|x86
		{A9F33400-B0B4-49D6-ADCA-FDEB4EE868FC}.Debug|iPhoneSimulator.ActiveCfg = Debug|x86
		{A9F33400-B0B4-49D6-ADCA-FDEB4EE868FC}.Debug|iPhoneSimulator.Build.0 = Debug|x86
		{A9F33400-B0B4-49D6-ADCA-FDEB4EE868FC}.Debug|iPhoneSimulator.Deploy.0 = Debug|x86
		{A9F33400-B0B4-49D6-ADCA-FDEB4EE868FC}.Debug|x64.ActiveCfg = Debug|x64
		{A9F33400-B0B4-49D6-ADCA-FDEB4EE868FC}.Debug|x64.Build.0 = Debug|x64
		{A9F33400-B0B4-49D6-ADCA-FDEB4EE868FC}.Debug|x64.Deploy.0 = Debug|x64
		{A9F33400-B0B4-49D6-ADCA-FDEB4EE868FC}.Debug|x86.ActiveCfg = Debug|x86
		{A9F33400-B0B4-49D6-ADCA-FDEB4EE868FC}.Debug|x86.Build.0 = Debug|x86
		{A9F33400-B0B4-49D6-ADCA-FDEB4EE868FC}.Debug|x86.Deploy.0 = Debug|x86
		{A9F33400-B0B4-49D6-ADCA-FDEB4EE868FC}.Release|Any CPU.ActiveCfg = Release|x86
		{A9F33400-B0B4-49D6-ADCA-FDEB4EE868FC}.Release|Any CPU.Build.0 = Release|x86
		{A9F33400-B0B4-49D6-ADCA-FDEB4EE868FC}.Release|Any CPU.Deploy.0 = Release|x86
		{A9F33400-B0B4-49D6-ADCA-FDEB4EE868FC}.Release|ARM.ActiveCfg = Release|ARM
		{A9F33400-B0B4-49D6-ADCA-FDEB4EE868FC}.Release|ARM.Build.0 = Release|ARM
		{A9F33400-B0B4-49D6-ADCA-FDEB4EE868FC}.Release|ARM.Deploy.0 = Release|ARM
		{A9F33400-B0B4-49D6-ADCA-FDEB4EE868FC}.Release|iPhone.ActiveCfg = Release|x86
		{A9F33400-B0B4-49D6-ADCA-FDEB4EE868FC}.Release|iPhone.Build.0 = Release|x86
		{A9F33400-B0B4-49D6-ADCA-FDEB4EE868FC}.Release|iPhone.Deploy.0 = Release|x86
		{A9F33400-B0B4-49D6-ADCA-FDEB4EE868FC}.Release|iPhoneSimulator.ActiveCfg = Release|x86
		{A9F33400-B0B4-49D6-ADCA-FDEB4EE868FC}.Release|iPhoneSimulator.Build.0 = Release|x86
		{A9F33400-B0B4-49D6-ADCA-FDEB4EE868FC}.Release|iPhoneSimulator.Deploy.0 = Release|x86
		{A9F33400-B0B4-49D6-ADCA-FDEB4EE868FC}.Release|x64.ActiveCfg = Release|x64
		{A9F33400-B0B4-49D6-ADCA-FDEB4EE868FC}.Release|x64.Build.0 = Release|x64
		{A9F33400-B0B4-49D6-ADCA-FDEB4EE868FC}.Release|x64.Deploy.0 = Release|x64
		{A9F33400-B0B4-49D6-ADCA-FDEB4EE868FC}.Release|x86.ActiveCfg = Release|x86
		{A9F33400-B0B4-49D6-ADCA-FDEB4EE868FC}.Release|x86.Build.0 = Release|x86
		{A9F33400-B0B4-49D6-ADCA-FDEB4EE868FC}.Release|x86.Deploy.0 = Release|x86
		{3942415A-3D1F-4A99-A119-692731338232}.Ad-Hoc|Any CPU.ActiveCfg = Debug|Any CPU
		{3942415A-3D1F-4A99-A119-692731338232}.Ad-Hoc|Any CPU.Build.0 = Debug|Any CPU
		{3942415A-3D1F-4A99-A119-692731338232}.Ad-Hoc|Any CPU.Deploy.0 = Debug|Any CPU
		{3942415A-3D1F-4A99-A119-692731338232}.Ad-Hoc|ARM.ActiveCfg = Debug|Any CPU
		{3942415A-3D1F-4A99-A119-692731338232}.Ad-Hoc|ARM.Build.0 = Debug|Any CPU
		{3942415A-3D1F-4A99-A119-692731338232}.Ad-Hoc|ARM.Deploy.0 = Debug|Any CPU
		{3942415A-3D1F-4A99-A119-692731338232}.Ad-Hoc|iPhone.ActiveCfg = Debug|Any CPU
		{3942415A-3D1F-4A99-A119-692731338232}.Ad-Hoc|iPhone.Build.0 = Debug|Any CPU
		{3942415A-3D1F-4A99-A119-692731338232}.Ad-Hoc|iPhone.Deploy.0 = Debug|Any CPU
		{3942415A-3D1F-4A99-A119-692731338232}.Ad-Hoc|iPhoneSimulator.ActiveCfg = Debug|Any CPU
		{3942415A-3D1F-4A99-A119-692731338232}.Ad-Hoc|iPhoneSimulator.Build.0 = Debug|Any CPU
		{3942415A-3D1F-4A99-A119-692731338232}.Ad-Hoc|iPhoneSimulator.Deploy.0 = Debug|Any CPU
		{3942415A-3D1F-4A99-A119-692731338232}.Ad-Hoc|x64.ActiveCfg = Debug|Any CPU
		{3942415A-3D1F-4A99-A119-692731338232}.Ad-Hoc|x64.Build.0 = Debug|Any CPU
		{3942415A-3D1F-4A99-A119-692731338232}.Ad-Hoc|x64.Deploy.0 = Debug|Any CPU
		{3942415A-3D1F-4A99-A119-692731338232}.Ad-Hoc|x86.ActiveCfg = Debug|Any CPU
		{3942415A-3D1F-4A99-A119-692731338232}.Ad-Hoc|x86.Build.0 = Debug|Any CPU
		{3942415A-3D1F-4A99-A119-692731338232}.Ad-Hoc|x86.Deploy.0 = Debug|Any CPU
		{3942415A-3D1F-4A99-A119-692731338232}.AppStore|Any CPU.ActiveCfg = Debug|Any CPU
		{3942415A-3D1F-4A99-A119-692731338232}.AppStore|Any CPU.Build.0 = Debug|Any CPU
		{3942415A-3D1F-4A99-A119-692731338232}.AppStore|Any CPU.Deploy.0 = Debug|Any CPU
		{3942415A-3D1F-4A99-A119-692731338232}.AppStore|ARM.ActiveCfg = Debug|Any CPU
		{3942415A-3D1F-4A99-A119-692731338232}.AppStore|ARM.Build.0 = Debug|Any CPU
		{3942415A-3D1F-4A99-A119-692731338232}.AppStore|ARM.Deploy.0 = Debug|Any CPU
		{3942415A-3D1F-4A99-A119-692731338232}.AppStore|iPhone.ActiveCfg = Debug|Any CPU
		{3942415A-3D1F-4A99-A119-692731338232}.AppStore|iPhone.Build.0 = Debug|Any CPU
		{3942415A-3D1F-4A99-A119-692731338232}.AppStore|iPhone.Deploy.0 = Debug|Any CPU
		{3942415A-3D1F-4A99-A119-692731338232}.AppStore|iPhoneSimulator.ActiveCfg = Debug|Any CPU
		{3942415A-3D1F-4A99-A119-692731338232}.AppStore|iPhoneSimulator.Build.0 = Debug|Any CPU
		{3942415A-3D1F-4A99-A119-692731338232}.AppStore|iPhoneSimulator.Deploy.0 = Debug|Any CPU
		{3942415A-3D1F-4A99-A119-692731338232}.AppStore|x64.ActiveCfg = Debug|Any CPU
		{3942415A-3D1F-4A99-A119-692731338232}.AppStore|x64.Build.0 = Debug|Any CPU
		{3942415A-3D1F-4A99-A119-692731338232}.AppStore|x64.Deploy.0 = Debug|Any CPU
		{3942415A-3D1F-4A99-A119-692731338232}.AppStore|x86.ActiveCfg = Debug|Any CPU
		{3942415A-3D1F-4A99-A119-692731338232}.AppStore|x86.Build.0 = Debug|Any CPU
		{3942415A-3D1F-4A99-A119-692731338232}.AppStore|x86.Deploy.0 = Debug|Any CPU
		{3942415A-3D1F-4A99-A119-692731338232}.Debug|Any CPU.ActiveCfg = Debug|Any CPU
		{3942415A-3D1F-4A99-A119-692731338232}.Debug|Any CPU.Build.0 = Debug|Any CPU
		{3942415A-3D1F-4A99-A119-692731338232}.Debug|Any CPU.Deploy.0 = Debug|Any CPU
		{3942415A-3D1F-4A99-A119-692731338232}.Debug|ARM.ActiveCfg = Debug|Any CPU
		{3942415A-3D1F-4A99-A119-692731338232}.Debug|ARM.Build.0 = Debug|Any CPU
		{3942415A-3D1F-4A99-A119-692731338232}.Debug|ARM.Deploy.0 = Debug|Any CPU
		{3942415A-3D1F-4A99-A119-692731338232}.Debug|iPhone.ActiveCfg = Debug|Any CPU
		{3942415A-3D1F-4A99-A119-692731338232}.Debug|iPhone.Build.0 = Debug|Any CPU
		{3942415A-3D1F-4A99-A119-692731338232}.Debug|iPhone.Deploy.0 = Debug|Any CPU
		{3942415A-3D1F-4A99-A119-692731338232}.Debug|iPhoneSimulator.ActiveCfg = Debug|Any CPU
		{3942415A-3D1F-4A99-A119-692731338232}.Debug|iPhoneSimulator.Build.0 = Debug|Any CPU
		{3942415A-3D1F-4A99-A119-692731338232}.Debug|iPhoneSimulator.Deploy.0 = Debug|Any CPU
		{3942415A-3D1F-4A99-A119-692731338232}.Debug|x64.ActiveCfg = Debug|Any CPU
		{3942415A-3D1F-4A99-A119-692731338232}.Debug|x64.Build.0 = Debug|Any CPU
		{3942415A-3D1F-4A99-A119-692731338232}.Debug|x64.Deploy.0 = Debug|Any CPU
		{3942415A-3D1F-4A99-A119-692731338232}.Debug|x86.ActiveCfg = Debug|Any CPU
		{3942415A-3D1F-4A99-A119-692731338232}.Debug|x86.Build.0 = Debug|Any CPU
		{3942415A-3D1F-4A99-A119-692731338232}.Debug|x86.Deploy.0 = Debug|Any CPU
		{3942415A-3D1F-4A99-A119-692731338232}.Release|Any CPU.ActiveCfg = Release|Any CPU
		{3942415A-3D1F-4A99-A119-692731338232}.Release|Any CPU.Build.0 = Release|Any CPU
		{3942415A-3D1F-4A99-A119-692731338232}.Release|Any CPU.Deploy.0 = Release|Any CPU
		{3942415A-3D1F-4A99-A119-692731338232}.Release|ARM.ActiveCfg = Release|Any CPU
		{3942415A-3D1F-4A99-A119-692731338232}.Release|ARM.Build.0 = Release|Any CPU
		{3942415A-3D1F-4A99-A119-692731338232}.Release|ARM.Deploy.0 = Release|Any CPU
		{3942415A-3D1F-4A99-A119-692731338232}.Release|iPhone.ActiveCfg = Release|Any CPU
		{3942415A-3D1F-4A99-A119-692731338232}.Release|iPhone.Build.0 = Release|Any CPU
		{3942415A-3D1F-4A99-A119-692731338232}.Release|iPhone.Deploy.0 = Release|Any CPU
		{3942415A-3D1F-4A99-A119-692731338232}.Release|iPhoneSimulator.ActiveCfg = Release|Any CPU
		{3942415A-3D1F-4A99-A119-692731338232}.Release|iPhoneSimulator.Build.0 = Release|Any CPU
		{3942415A-3D1F-4A99-A119-692731338232}.Release|iPhoneSimulator.Deploy.0 = Release|Any CPU
		{3942415A-3D1F-4A99-A119-692731338232}.Release|x64.ActiveCfg = Release|Any CPU
		{3942415A-3D1F-4A99-A119-692731338232}.Release|x64.Build.0 = Release|Any CPU
		{3942415A-3D1F-4A99-A119-692731338232}.Release|x64.Deploy.0 = Release|Any CPU
		{3942415A-3D1F-4A99-A119-692731338232}.Release|x86.ActiveCfg = Release|Any CPU
		{3942415A-3D1F-4A99-A119-692731338232}.Release|x86.Build.0 = Release|Any CPU
		{3942415A-3D1F-4A99-A119-692731338232}.Release|x86.Deploy.0 = Release|Any CPU
	EndGlobalSection
	GlobalSection(SolutionProperties) = preSolution
		HideSolutionNode = FALSE
	EndGlobalSection
	GlobalSection(ExtensibilityGlobals) = postSolution
		SolutionGuid = {73CF3737-B679-4711-B436-D5F081F3AF3F}
	EndGlobalSection
EndGlobal
